
Microsoft Visual Studio Solution File, Format Version 12.00
# Visual Studio Version 16
VisualStudioVersion = 16.0.29503.13
MinimumVisualStudioVersion = 10.0.40219.1
Project("{FAE04EC0-301F-11D3-BF4B-00C04F79EFBC}") = "WebApplication1", "WebApplication1\WebApplication1.csproj", "{FA0DF7B2-9D8D-4679-84CD-8E0CCE93E628}"
EndProject
Global
	GlobalSection(SolutionConfigurationPlatforms) = preSolution
		Debug|Any CPU = Debug|Any CPU
		Release|Any CPU = Release|Any CPU
	EndGlobalSection
	GlobalSection(ProjectConfigurationPlatforms) = postSolution
		{FA0DF7B2-9D8D-4679-84CD-8E0CCE93E628}.Debug|Any CPU.ActiveCfg = Debug|Any CPU
		{FA0DF7B2-9D8D-4679-84CD-8E0CCE93E628}.Debug|Any CPU.Build.0 = Debug|Any CPU
		{FA0DF7B2-9D8D-4679-84CD-8E0CCE93E628}.Release|Any CPU.ActiveCfg = Release|Any CPU
		{FA0DF7B2-9D8D-4679-84CD-8E0CCE93E628}.Release|Any CPU.Build.0 = Release|Any CPU
	EndGlobalSection
	GlobalSection(SolutionProperties) = preSolution
		HideSolutionNode = FALSE
	EndGlobalSection
	GlobalSection(ExtensibilityGlobals) = postSolution
		SolutionGuid = {0F8E250C-2DB1-4856-A389-4196431ABA82}
	EndGlobalSection
EndGlobal
